
Microsoft Visual Studio Solution File, Format Version 12.00
# Visual Studio 15
VisualStudioVersion = 15.0.28010.2003
MinimumVisualStudioVersion = 10.0.40219.1
Project("{2150E333-8FDC-42A3-9474-1A3956D46DE8}") = "V2.0", "V2.0", "{9EE8CFA8-1CF4-43A7-8BA0-96FA8090B773}"
EndProject
Project("{FAE04EC0-301F-11D3-BF4B-00C04F79EFBC}") = "2GenericClass", "2GenericClass\2GenericClass.csproj", "{CA409F19-DC29-41F1-B08B-7BFAE57C9519}"
EndProject
Project("{FAE04EC0-301F-11D3-BF4B-00C04F79EFBC}") = "2GenericMethod", "2GenericMethod\2GenericMethod.csproj", "{AC628F72-D627-422E-AD4D-9457C12FD445}"
EndProject
Project("{FAE04EC0-301F-11D3-BF4B-00C04F79EFBC}") = "2GenericDelegate", "2GenericDelegate\2GenericDelegate.csproj", "{417B9753-0822-4988-B8EF-1C9C2EEAD52B}"
EndProject
Project("{FAE04EC0-301F-11D3-BF4B-00C04F79EFBC}") = "2AnonymousMethod", "2AnonymousMethod\2AnonymousMethod.csproj", "{51E5F93E-372F-4F9A-A2A1-D853D9181A38}"
EndProject
Project("{FAE04EC0-301F-11D3-BF4B-00C04F79EFBC}") = "2Interator", "2Interator\2Interator.csproj", "{DB3A2D05-D0F0-4992-9A54-75AFDC98FDA3}"
EndProject
Project("{FAE04EC0-301F-11D3-BF4B-00C04F79EFBC}") = "2NullableTypes", "2NullableTypes\2NullableTypes.csproj", "{005CB369-D1DD-4FC4-B9B6-C80905EDEA60}"
EndProject
Project("{FAE04EC0-301F-11D3-BF4B-00C04F79EFBC}") = "2Partial", "2Partial\2Partial.csproj", "{0B020F36-5FB9-47D6-BB63-29F8E775F9A8}"
EndProject
Project("{2150E333-8FDC-42A3-9474-1A3956D46DE8}") = "V3.0", "V3.0", "{6B7693CD-2DDC-4106-ABFC-39B5E79BC07F}"
EndProject
Project("{FAE04EC0-301F-11D3-BF4B-00C04F79EFBC}") = "3AutoImplementProperties", "3AutoImplementProperties\3AutoImplementProperties.csproj", "{76579717-FF52-4AF4-9630-BBB7E5C59C42}"
EndProject
Project("{FAE04EC0-301F-11D3-BF4B-00C04F79EFBC}") = "3LambdaExpression", "3LambdaExpression\3LambdaExpression.csproj", "{21E16CA1-6F15-473C-8761-9139931CFBDA}"
EndProject
Project("{2150E333-8FDC-42A3-9474-1A3956D46DE8}") = "V4.0", "V4.0", "{939796F8-5921-4DB8-B92E-486EDD13C721}"
EndProject
Project("{2150E333-8FDC-42A3-9474-1A3956D46DE8}") = "V5.0", "V5.0", "{F7C64C7D-6CA8-4B08-9842-25D6A885A0FE}"
EndProject
Project("{FAE04EC0-301F-11D3-BF4B-00C04F79EFBC}") = "5AsyncAwait", "AsyncAwait\5AsyncAwait.csproj", "{2643B053-95F5-4C95-AA82-B6EF703D399C}"
EndProject
Project("{FAE04EC0-301F-11D3-BF4B-00C04F79EFBC}") = "6ExceptionFilter", "6ExceptionFilter\6ExceptionFilter.csproj", "{DBA3A2A9-69B0-45D0-BB07-B9FBA5776FD9}"
EndProject
Project("{2150E333-8FDC-42A3-9474-1A3956D46DE8}") = "V6.0", "V6.0", "{6259721E-D093-4C8A-9C86-045820CB8ED4}"
EndProject
Project("{FAE04EC0-301F-11D3-BF4B-00C04F79EFBC}") = "6NullPropagator", "6NullPropagator\6NullPropagator.csproj", "{02F9D302-C5E9-4973-BABC-DD3AF2BAABB1}"
EndProject
Project("{FAE04EC0-301F-11D3-BF4B-00C04F79EFBC}") = "6PropertyInitializer", "6PropertyInitializer\6PropertyInitializer.csproj", "{FFEB8EFD-FDAE-4627-B081-1E11A6889A3B}"
EndProject
Project("{2150E333-8FDC-42A3-9474-1A3956D46DE8}") = "V7.0", "V7.0", "{E6D22AEE-075B-45D7-B02A-3B5AF1D17B7F}"
EndProject
Project("{FAE04EC0-301F-11D3-BF4B-00C04F79EFBC}") = "7LocalFunction", "7LocalFunction\7LocalFunction.csproj", "{16093025-964F-49C4-8D17-B52338545349}"
EndProject
Project("{FAE04EC0-301F-11D3-BF4B-00C04F79EFBC}") = "7PatternMatching", "7PatternMatching\7PatternMatching.csproj", "{A5715691-7A27-4A72-B6CC-06185F4BDFE8}"
EndProject
Project("{FAE04EC0-301F-11D3-BF4B-00C04F79EFBC}") = "7Ref", "7Ref\7Ref.csproj", "{911441CE-CECB-449D-BD59-8C28ED17D84A}"
EndProject
Project("{FAE04EC0-301F-11D3-BF4B-00C04F79EFBC}") = "7ThrowExpression", "7ThrowExpression\7ThrowExpression.csproj", "{F9693676-FB0E-4FE3-8BD1-0AEDA778FCD7}"
EndProject
Project("{FAE04EC0-301F-11D3-BF4B-00C04F79EFBC}") = "7TupleAndDeconstruct", "7TupleAndDeconstruct\7TupleAndDeconstruct.csproj", "{90098D8C-9587-4A94-862E-7E95708FE1A2}"
EndProject
Project("{FAE04EC0-301F-11D3-BF4B-00C04F79EFBC}") = "4DynamicBinding", "4DynamicBinding\4DynamicBinding.csproj", "{2B892D2A-2EF6-4776-A0E3-1F9F076D89C6}"
EndProject
Project("{FAE04EC0-301F-11D3-BF4B-00C04F79EFBC}") = "4NamedOptionalArguments", "4NamedOptionalArguments\4NamedOptionalArguments.csproj", "{C430CF77-83C9-4190-B224-3EBF16A39966}"
EndProject
Project("{2150E333-8FDC-42A3-9474-1A3956D46DE8}") = "UnitTest", "UnitTest", "{CDB4B883-3767-4551-82A4-D2CF6DFF9A6B}"
EndProject
Project("{FAE04EC0-301F-11D3-BF4B-00C04F79EFBC}") = "2Test", "2Test\2Test.csproj", "{FBD8EB71-09E9-4969-A866-AF366E5281C8}"
EndProject
Project("{FAE04EC0-301F-11D3-BF4B-00C04F79EFBC}") = "3Test", "3Test\3Test.csproj", "{BFCBFFC1-D846-4574-A745-1D3151700889}"
EndProject
Project("{FAE04EC0-301F-11D3-BF4B-00C04F79EFBC}") = "3ExtensionMethod", "3ExtensionMethod\3ExtensionMethod.csproj", "{75DAB86D-E400-480B-ACAB-FE9C8EE81B68}"
EndProject
Project("{FAE04EC0-301F-11D3-BF4B-00C04F79EFBC}") = "3QueryExpression", "3QueryExpression\3QueryExpression.csproj", "{6A22836F-F8B5-4A33-94BD-0FEDC00F655E}"
EndProject
Project("{FAE04EC0-301F-11D3-BF4B-00C04F79EFBC}") = "5CallerInfoAttribute", "5CallerInfoAttribute\5CallerInfoAttribute.csproj", "{CF54FC78-28F9-4855-BFEF-CD30F57739D0}"
EndProject
Project("{FAE04EC0-301F-11D3-BF4B-00C04F79EFBC}") = "6StaticImport", "6StaticImport\6StaticImport.csproj", "{6F3EACB3-DD14-40E4-B09A-49C4AB6154D7}"
EndProject
Project("{FAE04EC0-301F-11D3-BF4B-00C04F79EFBC}") = "6ExpressionBodiedMember", "6ExpressionBodiedMember\6ExpressionBodiedMember.csproj", "{B79BC2FF-5A5B-4A8C-9A39-75341A6E7592}"
EndProject
Project("{FAE04EC0-301F-11D3-BF4B-00C04F79EFBC}") = "6StringInterpolation", "6StringInterpolation\6StringInterpolation.csproj", "{B3B82804-1247-4E42-A10A-C2557E9B882C}"
EndProject
Project("{FAE04EC0-301F-11D3-BF4B-00C04F79EFBC}") = "6NameOfOperation", "6NameOfOperation\6NameOfOperation.csproj", "{36F5EECF-2AA4-4F46-9CA5-C097698E2BE3}"
EndProject
Project("{FAE04EC0-301F-11D3-BF4B-00C04F79EFBC}") = "6DictionaryInitializer", "6DictionaryInitializer\6DictionaryInitializer.csproj", "{F8E00337-18EA-4CCF-AAFA-360D466529F6}"
EndProject
Project("{FAE04EC0-301F-11D3-BF4B-00C04F79EFBC}") = "6AwaitInCatch", "6AwaitInCatch\6AwaitInCatch.csproj", "{C225C0C0-9B52-4776-9DD6-461E19F3113A}"
EndProject
Project("{9A19103F-16F7-4668-BE54-9A1E7A4F7556}") = "7OutVariable", "7OutVariable\7OutVariable.csproj", "{7A970008-3437-4AF1-894D-B91B43879297}"
EndProject
Project("{FAE04EC0-301F-11D3-BF4B-00C04F79EFBC}") = "7ExpandedExpressionBodiedMembers", "7ExpandedExpressionBodiedMembers\7ExpandedExpressionBodiedMembers.csproj", "{25FE5929-2209-49B6-A1B5-FED5D01DEF00}"
EndProject
Project("{FAE04EC0-301F-11D3-BF4B-00C04F79EFBC}") = "3AnonymousType", "3AnonymousType\3AnonymousType.csproj", "{43468CD6-DE3E-4439-BD53-9ABB48A471F2}"
EndProject
Global
	GlobalSection(SolutionConfigurationPlatforms) = preSolution
		Debug|Any CPU = Debug|Any CPU
		Release|Any CPU = Release|Any CPU
	EndGlobalSection
	GlobalSection(ProjectConfigurationPlatforms) = postSolution
		{CA409F19-DC29-41F1-B08B-7BFAE57C9519}.Debug|Any CPU.ActiveCfg = Debug|Any CPU
		{CA409F19-DC29-41F1-B08B-7BFAE57C9519}.Debug|Any CPU.Build.0 = Debug|Any CPU
		{CA409F19-DC29-41F1-B08B-7BFAE57C9519}.Release|Any CPU.ActiveCfg = Release|Any CPU
		{CA409F19-DC29-41F1-B08B-7BFAE57C9519}.Release|Any CPU.Build.0 = Release|Any CPU
		{AC628F72-D627-422E-AD4D-9457C12FD445}.Debug|Any CPU.ActiveCfg = Debug|Any CPU
		{AC628F72-D627-422E-AD4D-9457C12FD445}.Debug|Any CPU.Build.0 = Debug|Any CPU
		{AC628F72-D627-422E-AD4D-9457C12FD445}.Release|Any CPU.ActiveCfg = Release|Any CPU
		{AC628F72-D627-422E-AD4D-9457C12FD445}.Release|Any CPU.Build.0 = Release|Any CPU
		{417B9753-0822-4988-B8EF-1C9C2EEAD52B}.Debug|Any CPU.ActiveCfg = Debug|Any CPU
		{417B9753-0822-4988-B8EF-1C9C2EEAD52B}.Debug|Any CPU.Build.0 = Debug|Any CPU
		{417B9753-0822-4988-B8EF-1C9C2EEAD52B}.Release|Any CPU.ActiveCfg = Release|Any CPU
		{417B9753-0822-4988-B8EF-1C9C2EEAD52B}.Release|Any CPU.Build.0 = Release|Any CPU
		{51E5F93E-372F-4F9A-A2A1-D853D9181A38}.Debug|Any CPU.ActiveCfg = Debug|Any CPU
		{51E5F93E-372F-4F9A-A2A1-D853D9181A38}.Debug|Any CPU.Build.0 = Debug|Any CPU
		{51E5F93E-372F-4F9A-A2A1-D853D9181A38}.Release|Any CPU.ActiveCfg = Release|Any CPU
		{51E5F93E-372F-4F9A-A2A1-D853D9181A38}.Release|Any CPU.Build.0 = Release|Any CPU
		{DB3A2D05-D0F0-4992-9A54-75AFDC98FDA3}.Debug|Any CPU.ActiveCfg = Debug|Any CPU
		{DB3A2D05-D0F0-4992-9A54-75AFDC98FDA3}.Debug|Any CPU.Build.0 = Debug|Any CPU
		{DB3A2D05-D0F0-4992-9A54-75AFDC98FDA3}.Release|Any CPU.ActiveCfg = Release|Any CPU
		{DB3A2D05-D0F0-4992-9A54-75AFDC98FDA3}.Release|Any CPU.Build.0 = Release|Any CPU
		{005CB369-D1DD-4FC4-B9B6-C80905EDEA60}.Debug|Any CPU.ActiveCfg = Debug|Any CPU
		{005CB369-D1DD-4FC4-B9B6-C80905EDEA60}.Debug|Any CPU.Build.0 = Debug|Any CPU
		{005CB369-D1DD-4FC4-B9B6-C80905EDEA60}.Release|Any CPU.ActiveCfg = Release|Any CPU
		{005CB369-D1DD-4FC4-B9B6-C80905EDEA60}.Release|Any CPU.Build.0 = Release|Any CPU
		{0B020F36-5FB9-47D6-BB63-29F8E775F9A8}.Debug|Any CPU.ActiveCfg = Debug|Any CPU
		{0B020F36-5FB9-47D6-BB63-29F8E775F9A8}.Debug|Any CPU.Build.0 = Debug|Any CPU
		{0B020F36-5FB9-47D6-BB63-29F8E775F9A8}.Release|Any CPU.ActiveCfg = Release|Any CPU
		{0B020F36-5FB9-47D6-BB63-29F8E775F9A8}.Release|Any CPU.Build.0 = Release|Any CPU
		{76579717-FF52-4AF4-9630-BBB7E5C59C42}.Debug|Any CPU.ActiveCfg = Debug|Any CPU
		{76579717-FF52-4AF4-9630-BBB7E5C59C42}.Debug|Any CPU.Build.0 = Debug|Any CPU
		{76579717-FF52-4AF4-9630-BBB7E5C59C42}.Release|Any CPU.ActiveCfg = Release|Any CPU
		{76579717-FF52-4AF4-9630-BBB7E5C59C42}.Release|Any CPU.Build.0 = Release|Any CPU
		{21E16CA1-6F15-473C-8761-9139931CFBDA}.Debug|Any CPU.ActiveCfg = Debug|Any CPU
		{21E16CA1-6F15-473C-8761-9139931CFBDA}.Debug|Any CPU.Build.0 = Debug|Any CPU
		{21E16CA1-6F15-473C-8761-9139931CFBDA}.Release|Any CPU.ActiveCfg = Release|Any CPU
		{21E16CA1-6F15-473C-8761-9139931CFBDA}.Release|Any CPU.Build.0 = Release|Any CPU
		{2643B053-95F5-4C95-AA82-B6EF703D399C}.Debug|Any CPU.ActiveCfg = Debug|Any CPU
		{2643B053-95F5-4C95-AA82-B6EF703D399C}.Debug|Any CPU.Build.0 = Debug|Any CPU
		{2643B053-95F5-4C95-AA82-B6EF703D399C}.Release|Any CPU.ActiveCfg = Release|Any CPU
		{2643B053-95F5-4C95-AA82-B6EF703D399C}.Release|Any CPU.Build.0 = Release|Any CPU
		{DBA3A2A9-69B0-45D0-BB07-B9FBA5776FD9}.Debug|Any CPU.ActiveCfg = Debug|Any CPU
		{DBA3A2A9-69B0-45D0-BB07-B9FBA5776FD9}.Debug|Any CPU.Build.0 = Debug|Any CPU
		{DBA3A2A9-69B0-45D0-BB07-B9FBA5776FD9}.Release|Any CPU.ActiveCfg = Release|Any CPU
		{DBA3A2A9-69B0-45D0-BB07-B9FBA5776FD9}.Release|Any CPU.Build.0 = Release|Any CPU
		{02F9D302-C5E9-4973-BABC-DD3AF2BAABB1}.Debug|Any CPU.ActiveCfg = Debug|Any CPU
		{02F9D302-C5E9-4973-BABC-DD3AF2BAABB1}.Debug|Any CPU.Build.0 = Debug|Any CPU
		{02F9D302-C5E9-4973-BABC-DD3AF2BAABB1}.Release|Any CPU.ActiveCfg = Release|Any CPU
		{02F9D302-C5E9-4973-BABC-DD3AF2BAABB1}.Release|Any CPU.Build.0 = Release|Any CPU
		{FFEB8EFD-FDAE-4627-B081-1E11A6889A3B}.Debug|Any CPU.ActiveCfg = Debug|Any CPU
		{FFEB8EFD-FDAE-4627-B081-1E11A6889A3B}.Debug|Any CPU.Build.0 = Debug|Any CPU
		{FFEB8EFD-FDAE-4627-B081-1E11A6889A3B}.Release|Any CPU.ActiveCfg = Release|Any CPU
		{FFEB8EFD-FDAE-4627-B081-1E11A6889A3B}.Release|Any CPU.Build.0 = Release|Any CPU
		{16093025-964F-49C4-8D17-B52338545349}.Debug|Any CPU.ActiveCfg = Debug|Any CPU
		{16093025-964F-49C4-8D17-B52338545349}.Debug|Any CPU.Build.0 = Debug|Any CPU
		{16093025-964F-49C4-8D17-B52338545349}.Release|Any CPU.ActiveCfg = Release|Any CPU
		{16093025-964F-49C4-8D17-B52338545349}.Release|Any CPU.Build.0 = Release|Any CPU
		{A5715691-7A27-4A72-B6CC-06185F4BDFE8}.Debug|Any CPU.ActiveCfg = Debug|Any CPU
		{A5715691-7A27-4A72-B6CC-06185F4BDFE8}.Debug|Any CPU.Build.0 = Debug|Any CPU
		{A5715691-7A27-4A72-B6CC-06185F4BDFE8}.Release|Any CPU.ActiveCfg = Release|Any CPU
		{A5715691-7A27-4A72-B6CC-06185F4BDFE8}.Release|Any CPU.Build.0 = Release|Any CPU
		{911441CE-CECB-449D-BD59-8C28ED17D84A}.Debug|Any CPU.ActiveCfg = Debug|Any CPU
		{911441CE-CECB-449D-BD59-8C28ED17D84A}.Debug|Any CPU.Build.0 = Debug|Any CPU
		{911441CE-CECB-449D-BD59-8C28ED17D84A}.Release|Any CPU.ActiveCfg = Release|Any CPU
		{911441CE-CECB-449D-BD59-8C28ED17D84A}.Release|Any CPU.Build.0 = Release|Any CPU
		{F9693676-FB0E-4FE3-8BD1-0AEDA778FCD7}.Debug|Any CPU.ActiveCfg = Debug|Any CPU
		{F9693676-FB0E-4FE3-8BD1-0AEDA778FCD7}.Debug|Any CPU.Build.0 = Debug|Any CPU
		{F9693676-FB0E-4FE3-8BD1-0AEDA778FCD7}.Release|Any CPU.ActiveCfg = Release|Any CPU
		{F9693676-FB0E-4FE3-8BD1-0AEDA778FCD7}.Release|Any CPU.Build.0 = Release|Any CPU
		{90098D8C-9587-4A94-862E-7E95708FE1A2}.Debug|Any CPU.ActiveCfg = Debug|Any CPU
		{90098D8C-9587-4A94-862E-7E95708FE1A2}.Debug|Any CPU.Build.0 = Debug|Any CPU
		{90098D8C-9587-4A94-862E-7E95708FE1A2}.Release|Any CPU.ActiveCfg = Release|Any CPU
		{90098D8C-9587-4A94-862E-7E95708FE1A2}.Release|Any CPU.Build.0 = Release|Any CPU
		{2B892D2A-2EF6-4776-A0E3-1F9F076D89C6}.Debug|Any CPU.ActiveCfg = Debug|Any CPU
		{2B892D2A-2EF6-4776-A0E3-1F9F076D89C6}.Debug|Any CPU.Build.0 = Debug|Any CPU
		{2B892D2A-2EF6-4776-A0E3-1F9F076D89C6}.Release|Any CPU.ActiveCfg = Release|Any CPU
		{2B892D2A-2EF6-4776-A0E3-1F9F076D89C6}.Release|Any CPU.Build.0 = Release|Any CPU
		{C430CF77-83C9-4190-B224-3EBF16A39966}.Debug|Any CPU.ActiveCfg = Debug|Any CPU
		{C430CF77-83C9-4190-B224-3EBF16A39966}.Debug|Any CPU.Build.0 = Debug|Any CPU
		{C430CF77-83C9-4190-B224-3EBF16A39966}.Release|Any CPU.ActiveCfg = Release|Any CPU
		{C430CF77-83C9-4190-B224-3EBF16A39966}.Release|Any CPU.Build.0 = Release|Any CPU
		{FBD8EB71-09E9-4969-A866-AF366E5281C8}.Debug|Any CPU.ActiveCfg = Debug|Any CPU
		{FBD8EB71-09E9-4969-A866-AF366E5281C8}.Debug|Any CPU.Build.0 = Debug|Any CPU
		{FBD8EB71-09E9-4969-A866-AF366E5281C8}.Release|Any CPU.ActiveCfg = Release|Any CPU
		{FBD8EB71-09E9-4969-A866-AF366E5281C8}.Release|Any CPU.Build.0 = Release|Any CPU
		{BFCBFFC1-D846-4574-A745-1D3151700889}.Debug|Any CPU.ActiveCfg = Debug|Any CPU
		{BFCBFFC1-D846-4574-A745-1D3151700889}.Debug|Any CPU.Build.0 = Debug|Any CPU
		{BFCBFFC1-D846-4574-A745-1D3151700889}.Release|Any CPU.ActiveCfg = Release|Any CPU
		{BFCBFFC1-D846-4574-A745-1D3151700889}.Release|Any CPU.Build.0 = Release|Any CPU
		{75DAB86D-E400-480B-ACAB-FE9C8EE81B68}.Debug|Any CPU.ActiveCfg = Debug|Any CPU
		{75DAB86D-E400-480B-ACAB-FE9C8EE81B68}.Debug|Any CPU.Build.0 = Debug|Any CPU
		{75DAB86D-E400-480B-ACAB-FE9C8EE81B68}.Release|Any CPU.ActiveCfg = Release|Any CPU
		{75DAB86D-E400-480B-ACAB-FE9C8EE81B68}.Release|Any CPU.Build.0 = Release|Any CPU
		{6A22836F-F8B5-4A33-94BD-0FEDC00F655E}.Debug|Any CPU.ActiveCfg = Debug|Any CPU
		{6A22836F-F8B5-4A33-94BD-0FEDC00F655E}.Debug|Any CPU.Build.0 = Debug|Any CPU
		{6A22836F-F8B5-4A33-94BD-0FEDC00F655E}.Release|Any CPU.ActiveCfg = Release|Any CPU
		{6A22836F-F8B5-4A33-94BD-0FEDC00F655E}.Release|Any CPU.Build.0 = Release|Any CPU
		{CF54FC78-28F9-4855-BFEF-CD30F57739D0}.Debug|Any CPU.ActiveCfg = Debug|Any CPU
		{CF54FC78-28F9-4855-BFEF-CD30F57739D0}.Debug|Any CPU.Build.0 = Debug|Any CPU
		{CF54FC78-28F9-4855-BFEF-CD30F57739D0}.Release|Any CPU.ActiveCfg = Release|Any CPU
		{CF54FC78-28F9-4855-BFEF-CD30F57739D0}.Release|Any CPU.Build.0 = Release|Any CPU
		{6F3EACB3-DD14-40E4-B09A-49C4AB6154D7}.Debug|Any CPU.ActiveCfg = Debug|Any CPU
		{6F3EACB3-DD14-40E4-B09A-49C4AB6154D7}.Debug|Any CPU.Build.0 = Debug|Any CPU
		{6F3EACB3-DD14-40E4-B09A-49C4AB6154D7}.Release|Any CPU.ActiveCfg = Release|Any CPU
		{6F3EACB3-DD14-40E4-B09A-49C4AB6154D7}.Release|Any CPU.Build.0 = Release|Any CPU
		{B79BC2FF-5A5B-4A8C-9A39-75341A6E7592}.Debug|Any CPU.ActiveCfg = Debug|Any CPU
		{B79BC2FF-5A5B-4A8C-9A39-75341A6E7592}.Debug|Any CPU.Build.0 = Debug|Any CPU
		{B79BC2FF-5A5B-4A8C-9A39-75341A6E7592}.Release|Any CPU.ActiveCfg = Release|Any CPU
		{B79BC2FF-5A5B-4A8C-9A39-75341A6E7592}.Release|Any CPU.Build.0 = Release|Any CPU
		{B3B82804-1247-4E42-A10A-C2557E9B882C}.Debug|Any CPU.ActiveCfg = Debug|Any CPU
		{B3B82804-1247-4E42-A10A-C2557E9B882C}.Debug|Any CPU.Build.0 = Debug|Any CPU
		{B3B82804-1247-4E42-A10A-C2557E9B882C}.Release|Any CPU.ActiveCfg = Release|Any CPU
		{B3B82804-1247-4E42-A10A-C2557E9B882C}.Release|Any CPU.Build.0 = Release|Any CPU
		{36F5EECF-2AA4-4F46-9CA5-C097698E2BE3}.Debug|Any CPU.ActiveCfg = Debug|Any CPU
		{36F5EECF-2AA4-4F46-9CA5-C097698E2BE3}.Debug|Any CPU.Build.0 = Debug|Any CPU
		{36F5EECF-2AA4-4F46-9CA5-C097698E2BE3}.Release|Any CPU.ActiveCfg = Release|Any CPU
		{36F5EECF-2AA4-4F46-9CA5-C097698E2BE3}.Release|Any CPU.Build.0 = Release|Any CPU
		{F8E00337-18EA-4CCF-AAFA-360D466529F6}.Debug|Any CPU.ActiveCfg = Debug|Any CPU
		{F8E00337-18EA-4CCF-AAFA-360D466529F6}.Debug|Any CPU.Build.0 = Debug|Any CPU
		{F8E00337-18EA-4CCF-AAFA-360D466529F6}.Release|Any CPU.ActiveCfg = Release|Any CPU
		{F8E00337-18EA-4CCF-AAFA-360D466529F6}.Release|Any CPU.Build.0 = Release|Any CPU
		{C225C0C0-9B52-4776-9DD6-461E19F3113A}.Debug|Any CPU.ActiveCfg = Debug|Any CPU
		{C225C0C0-9B52-4776-9DD6-461E19F3113A}.Debug|Any CPU.Build.0 = Debug|Any CPU
		{C225C0C0-9B52-4776-9DD6-461E19F3113A}.Release|Any CPU.ActiveCfg = Release|Any CPU
		{C225C0C0-9B52-4776-9DD6-461E19F3113A}.Release|Any CPU.Build.0 = Release|Any CPU
		{7A970008-3437-4AF1-894D-B91B43879297}.Debug|Any CPU.ActiveCfg = Debug|Any CPU
		{7A970008-3437-4AF1-894D-B91B43879297}.Debug|Any CPU.Build.0 = Debug|Any CPU
		{7A970008-3437-4AF1-894D-B91B43879297}.Release|Any CPU.ActiveCfg = Release|Any CPU
		{7A970008-3437-4AF1-894D-B91B43879297}.Release|Any CPU.Build.0 = Release|Any CPU
		{25FE5929-2209-49B6-A1B5-FED5D01DEF00}.Debug|Any CPU.ActiveCfg = Debug|Any CPU
		{25FE5929-2209-49B6-A1B5-FED5D01DEF00}.Debug|Any CPU.Build.0 = Debug|Any CPU
		{25FE5929-2209-49B6-A1B5-FED5D01DEF00}.Release|Any CPU.ActiveCfg = Release|Any CPU
		{25FE5929-2209-49B6-A1B5-FED5D01DEF00}.Release|Any CPU.Build.0 = Release|Any CPU
		{43468CD6-DE3E-4439-BD53-9ABB48A471F2}.Debug|Any CPU.ActiveCfg = Debug|Any CPU
		{43468CD6-DE3E-4439-BD53-9ABB48A471F2}.Debug|Any CPU.Build.0 = Debug|Any CPU
		{43468CD6-DE3E-4439-BD53-9ABB48A471F2}.Release|Any CPU.ActiveCfg = Release|Any CPU
		{43468CD6-DE3E-4439-BD53-9ABB48A471F2}.Release|Any CPU.Build.0 = Release|Any CPU
	EndGlobalSection
	GlobalSection(SolutionProperties) = preSolution
		HideSolutionNode = FALSE
	EndGlobalSection
	GlobalSection(NestedProjects) = preSolution
		{CA409F19-DC29-41F1-B08B-7BFAE57C9519} = {9EE8CFA8-1CF4-43A7-8BA0-96FA8090B773}
		{AC628F72-D627-422E-AD4D-9457C12FD445} = {9EE8CFA8-1CF4-43A7-8BA0-96FA8090B773}
		{417B9753-0822-4988-B8EF-1C9C2EEAD52B} = {9EE8CFA8-1CF4-43A7-8BA0-96FA8090B773}
		{51E5F93E-372F-4F9A-A2A1-D853D9181A38} = {9EE8CFA8-1CF4-43A7-8BA0-96FA8090B773}
		{DB3A2D05-D0F0-4992-9A54-75AFDC98FDA3} = {9EE8CFA8-1CF4-43A7-8BA0-96FA8090B773}
		{005CB369-D1DD-4FC4-B9B6-C80905EDEA60} = {9EE8CFA8-1CF4-43A7-8BA0-96FA8090B773}
		{0B020F36-5FB9-47D6-BB63-29F8E775F9A8} = {9EE8CFA8-1CF4-43A7-8BA0-96FA8090B773}
		{76579717-FF52-4AF4-9630-BBB7E5C59C42} = {6B7693CD-2DDC-4106-ABFC-39B5E79BC07F}
		{21E16CA1-6F15-473C-8761-9139931CFBDA} = {6B7693CD-2DDC-4106-ABFC-39B5E79BC07F}
		{2643B053-95F5-4C95-AA82-B6EF703D399C} = {F7C64C7D-6CA8-4B08-9842-25D6A885A0FE}
		{DBA3A2A9-69B0-45D0-BB07-B9FBA5776FD9} = {6259721E-D093-4C8A-9C86-045820CB8ED4}
		{02F9D302-C5E9-4973-BABC-DD3AF2BAABB1} = {6259721E-D093-4C8A-9C86-045820CB8ED4}
		{FFEB8EFD-FDAE-4627-B081-1E11A6889A3B} = {6259721E-D093-4C8A-9C86-045820CB8ED4}
		{16093025-964F-49C4-8D17-B52338545349} = {E6D22AEE-075B-45D7-B02A-3B5AF1D17B7F}
		{A5715691-7A27-4A72-B6CC-06185F4BDFE8} = {E6D22AEE-075B-45D7-B02A-3B5AF1D17B7F}
		{911441CE-CECB-449D-BD59-8C28ED17D84A} = {E6D22AEE-075B-45D7-B02A-3B5AF1D17B7F}
		{F9693676-FB0E-4FE3-8BD1-0AEDA778FCD7} = {E6D22AEE-075B-45D7-B02A-3B5AF1D17B7F}
		{90098D8C-9587-4A94-862E-7E95708FE1A2} = {E6D22AEE-075B-45D7-B02A-3B5AF1D17B7F}
		{2B892D2A-2EF6-4776-A0E3-1F9F076D89C6} = {939796F8-5921-4DB8-B92E-486EDD13C721}
		{C430CF77-83C9-4190-B224-3EBF16A39966} = {939796F8-5921-4DB8-B92E-486EDD13C721}
		{FBD8EB71-09E9-4969-A866-AF366E5281C8} = {CDB4B883-3767-4551-82A4-D2CF6DFF9A6B}
		{BFCBFFC1-D846-4574-A745-1D3151700889} = {CDB4B883-3767-4551-82A4-D2CF6DFF9A6B}
		{75DAB86D-E400-480B-ACAB-FE9C8EE81B68} = {6B7693CD-2DDC-4106-ABFC-39B5E79BC07F}
		{6A22836F-F8B5-4A33-94BD-0FEDC00F655E} = {6B7693CD-2DDC-4106-ABFC-39B5E79BC07F}
		{CF54FC78-28F9-4855-BFEF-CD30F57739D0} = {F7C64C7D-6CA8-4B08-9842-25D6A885A0FE}
		{6F3EACB3-DD14-40E4-B09A-49C4AB6154D7} = {6259721E-D093-4C8A-9C86-045820CB8ED4}
		{B79BC2FF-5A5B-4A8C-9A39-75341A6E7592} = {6259721E-D093-4C8A-9C86-045820CB8ED4}
		{B3B82804-1247-4E42-A10A-C2557E9B882C} = {6259721E-D093-4C8A-9C86-045820CB8ED4}
		{36F5EECF-2AA4-4F46-9CA5-C097698E2BE3} = {6259721E-D093-4C8A-9C86-045820CB8ED4}
		{F8E00337-18EA-4CCF-AAFA-360D466529F6} = {6259721E-D093-4C8A-9C86-045820CB8ED4}
		{C225C0C0-9B52-4776-9DD6-461E19F3113A} = {6259721E-D093-4C8A-9C86-045820CB8ED4}
		{7A970008-3437-4AF1-894D-B91B43879297} = {E6D22AEE-075B-45D7-B02A-3B5AF1D17B7F}
		{25FE5929-2209-49B6-A1B5-FED5D01DEF00} = {E6D22AEE-075B-45D7-B02A-3B5AF1D17B7F}
		{43468CD6-DE3E-4439-BD53-9ABB48A471F2} = {6B7693CD-2DDC-4106-ABFC-39B5E79BC07F}
	EndGlobalSection
	GlobalSection(ExtensibilityGlobals) = postSolution
		SolutionGuid = {EA4FA2D1-3B5C-4680-802F-50B85B62685E}
	EndGlobalSection
EndGlobal
